<?xml version="1.0" encoding="utf-8"?>
<Project ToolsVersion="4.0" xmlns="http://schemas.microsoft.com/developer/msbuild/2003">
  <ItemGroup>
    <Filter Include="Source Files">
      <UniqueIdentifier>{4FC737F1-C7A5-4376-A066-2A32D752A2FF}</UniqueIdentifier>
      <Extensions>cpp;c;cc;cxx;c++;cppm;ixx;def;odl;idl;hpj;bat;asm;asmx</Extensions>
    </Filter>
    <Filter Include="Header Files">
      <UniqueIdentifier>{93995380-89BD-4b04-88EB-625FBE52EBFB}</UniqueIdentifier>
      <Extensions>h;hh;hpp;hxx;h++;hm;inl;inc;ipp;xsd</Extensions>
    </Filter>
    <Filter Include="Resource Files">
      <UniqueIdentifier>{67DA6AB6-F800-4c08-8B7A-83BB121AAD01}</UniqueIdentifier>
      <Extensions>rc;ico;cur;bmp;dlg;rc2;rct;bin;rgs;gif;jpg;jpeg;jpe;resx;tiff;tif;png;wav;mfcribbon-ms</Extensions>
    </Filter>
  </ItemGroup>
  <ItemGroup>
    <ClInclude Include="include\Application.h">
      <Filter>Header Files</Filter>
    </ClInclude>
    <ClInclude Include="include\AssemblingController.h">
      <Filter>Header Files</Filter>
    </ClInclude>
    <ClInclude Include="include\Gameplay.h">
      <Filter>Header Files</Filter>
    </ClInclude>
    <ClInclude Include="include\Ingredient.h">
      <Filter>Header Files</Filter>
    </ClInclude>
    <ClInclude Include="include\Input.h">
      <Filter>Header Files</Filter>
    </ClInclude>
    <ClInclude Include="include\Plate.h">
      <Filter>Header Files</Filter>
    </ClInclude>
    <ClInclude Include="include\Renderer.h">
      <Filter>Header Files</Filter>
    </ClInclude>
    <ClInclude Include="include\Shader.h">
      <Filter>Header Files</Filter>
    </ClInclude>
    <ClInclude Include="include\stb_image.h">
      <Filter>Header Files</Filter>
    </ClInclude>
    <ClInclude Include="include\Texture.h">
      <Filter>Header Files</Filter>
    </ClInclude>
    <ClInclude Include="include\Util.h">
      <Filter>Header Files</Filter>
    </ClInclude>
    <ClInclude Include="include\Camera.h">
      <Filter>Header Files</Filter>
    </ClInclude>
    <ClInclude Include="include\Mesh.h">
      <Filter>Header Files</Filter>
    </ClInclude>
    <ClInclude Include="include\mesh.hpp">
      <Filter>Header Files</Filter>
    </ClInclude>
    <ClInclude Include="include\model.hpp">
      <Filter>Header Files</Filter>
    </ClInclude>
    <ClInclude Include="include\shader.hpp">
      <Filter>Header Files</Filter>
    </ClInclude>
  </ItemGroup>
  <ItemGroup>
    <Image Include="res\_solid_gray.png">
      <Filter>Resource Files</Filter>
    </Image>
    <Image Include="res\_solid_green.png">
      <Filter>Resource Files</Filter>
    </Image>
    <Image Include="res\bottom_bun.png">
      <Filter>Resource Files</Filter>
    </Image>
    <Image Include="res\button_order.png">
      <Filter>Resource Files</Filter>
    </Image>
    <Image Include="res\cheese.png">
      <Filter>Resource Files</Filter>
    </Image>
    <Image Include="res\cursor_spatula.png">
      <Filter>Resource Files</Filter>
    </Image>
    <Image Include="res\ketchup_bottle.png">
      <Filter>Resource Files</Filter>
    </Image>
    <Image Include="res\ketchup_spill.png">
      <Filter>Resource Files</Filter>
    </Image>
    <Image Include="res\lettuce.png">
      <Filter>Resource Files</Filter>
    </Image>
    <Image Include="res\mustard_bottle.png">
      <Filter>Resource Files</Filter>
    </Image>
    <Image Include="res\mustard_spill.png">
      <Filter>Resource Files</Filter>
    </Image>
    <Image Include="res\onion_ring.png">
      <Filter>Resource Files</Filter>
    </Image>
    <Image Include="res\pattie.png">
      <Filter>Resource Files</Filter>
    </Image>
    <Image Include="res\pattie_raw.png">
      <Filter>Resource Files</Filter>
    </Image>
    <Image Include="res\pickles.png">
      <Filter>Resource Files</Filter>
    </Image>
    <Image Include="res\plate.png">
      <Filter>Resource Files</Filter>
    </Image>
    <Image Include="res\prijatno.png">
      <Filter>Resource Files</Filter>
    </Image>
    <Image Include="res\signature.png">
      <Filter>Resource Files</Filter>
    </Image>
    <Image Include="res\stove.png">
      <Filter>Resource Files</Filter>
    </Image>
    <Image Include="res\table.png">
      <Filter>Resource Files</Filter>
    </Image>
    <Image Include="res\tomato.png">
      <Filter>Resource Files</Filter>
    </Image>
    <Image Include="res\top_bun.png">
      <Filter>Resource Files</Filter>
    </Image>
  </ItemGroup>
  <ItemGroup>
    <None Include="shaders\rect.frag">
      <Filter>Source Files</Filter>
    </None>
    <None Include="shaders\rect.vert">
      <Filter>Source Files</Filter>
    </None>
    <None Include="packages.config" />
    <None Include="shaders\cube.frag" />
    <None Include="shaders\cube.vert" />
    <None Include="shaders\basic.frag">
      <Filter>Source Files</Filter>
    </None>
    <None Include="shaders\basic.vert">
      <Filter>Source Files</Filter>
    </None>
    <None Include="shaders\pattie.frag">
      <Filter>Source Files</Filter>
    </None>
    <None Include="shaders\pattie.vert">
      <Filter>Source Files</Filter>
    </None>
  </ItemGroup>
  <ItemGroup>
    <ClCompile Include="src\Application.cpp">
      <Filter>Source Files</Filter>
    </ClCompile>
    <ClCompile Include="src\AssemblingController.cpp">
      <Filter>Source Files</Filter>
    </ClCompile>
    <ClCompile Include="src\Gameplay.cpp">
      <Filter>Source Files</Filter>
    </ClCompile>
    <ClCompile Include="src\Ingredient.cpp">
      <Filter>Source Files</Filter>
    </ClCompile>
    <ClCompile Include="src\Input.cpp">
      <Filter>Source Files</Filter>
    </ClCompile>
    <ClCompile Include="src\Main.cpp">
      <Filter>Source Files</Filter>
    </ClCompile>
    <ClCompile Include="src\Plate.cpp">
      <Filter>Source Files</Filter>
    </ClCompile>
    <ClCompile Include="src\Renderer.cpp">
      <Filter>Source Files</Filter>
    </ClCompile>
    <ClCompile Include="src\Shader.cpp">
      <Filter>Source Files</Filter>
    </ClCompile>
    <ClCompile Include="src\Texture.cpp">
      <Filter>Source Files</Filter>
    </ClCompile>
    <ClCompile Include="src\Util.cpp">
      <Filter>Source Files</Filter>
    </ClCompile>
    <ClCompile Include="src\Camera.cpp">
      <Filter>Source Files</Filter>
    </ClCompile>
    <ClCompile Include="src\Mesh.cpp">
      <Filter>Source Files</Filter>
    </ClCompile>
  </ItemGroup>
</Project>